
Microsoft Visual Studio Solution File, Format Version 12.00
# Visual Studio Version 17
VisualStudioVersion = 17.12.35527.113
MinimumVisualStudioVersion = 10.0.40219.1
Project("{FAE04EC0-301F-11D3-BF4B-00C04F79EFBC}") = "LiamMotorApp.Business", "LiamMotorApp.Business\LiamMotorApp.Business.csproj", "{2A65D9D4-67A1-41DC-9848-704E14345A7A}"
EndProject
Project("{FAE04EC0-301F-11D3-BF4B-00C04F79EFBC}") = "LiamMotorApp.Api", "LiamMotorApp.Api\LiamMotorApp.Api.csproj", "{125CC708-12D1-4C92-9718-862287C6D18E}"
EndProject
Project("{FAE04EC0-301F-11D3-BF4B-00C04F79EFBC}") = "LiamMotorApp.Common", "LiamMotorApp.Common\LiamMotorApp.Common.csproj", "{97D68313-3E88-438F-BAB6-D505A822AFC7}"
EndProject
Project("{FAE04EC0-301F-11D3-BF4B-00C04F79EFBC}") = "LiamMotorApp.Website", "LiamMotorApp.Website\LiamMotorApp.Website.csproj", "{2465AC2F-E424-4574-A4EC-7966961294BD}"
EndProject
Project("{FAE04EC0-301F-11D3-BF4B-00C04F79EFBC}") = "LiamMotorApp.Dashboard", "LiamMotorApp.Dashboard\LiamMotorApp.Dashboard.csproj", "{FA9C02A1-C39B-4B51-97C1-7D31702F529D}"
EndProject
Global
	GlobalSection(SolutionConfigurationPlatforms) = preSolution
		Debug|Any CPU = Debug|Any CPU
		Release|Any CPU = Release|Any CPU
	EndGlobalSection
	GlobalSection(ProjectConfigurationPlatforms) = postSolution
		{2A65D9D4-67A1-41DC-9848-704E14345A7A}.Debug|Any CPU.ActiveCfg = Debug|Any CPU
		{2A65D9D4-67A1-41DC-9848-704E14345A7A}.Debug|Any CPU.Build.0 = Debug|Any CPU
		{2A65D9D4-67A1-41DC-9848-704E14345A7A}.Release|Any CPU.ActiveCfg = Release|Any CPU
		{2A65D9D4-67A1-41DC-9848-704E14345A7A}.Release|Any CPU.Build.0 = Release|Any CPU
		{125CC708-12D1-4C92-9718-862287C6D18E}.Debug|Any CPU.ActiveCfg = Debug|Any CPU
		{125CC708-12D1-4C92-9718-862287C6D18E}.Debug|Any CPU.Build.0 = Debug|Any CPU
		{125CC708-12D1-4C92-9718-862287C6D18E}.Release|Any CPU.ActiveCfg = Release|Any CPU
		{125CC708-12D1-4C92-9718-862287C6D18E}.Release|Any CPU.Build.0 = Release|Any CPU
		{97D68313-3E88-438F-BAB6-D505A822AFC7}.Debug|Any CPU.ActiveCfg = Debug|Any CPU
		{97D68313-3E88-438F-BAB6-D505A822AFC7}.Debug|Any CPU.Build.0 = Debug|Any CPU
		{97D68313-3E88-438F-BAB6-D505A822AFC7}.Release|Any CPU.ActiveCfg = Release|Any CPU
		{97D68313-3E88-438F-BAB6-D505A822AFC7}.Release|Any CPU.Build.0 = Release|Any CPU
		{2465AC2F-E424-4574-A4EC-7966961294BD}.Debug|Any CPU.ActiveCfg = Debug|Any CPU
		{2465AC2F-E424-4574-A4EC-7966961294BD}.Debug|Any CPU.Build.0 = Debug|Any CPU
		{2465AC2F-E424-4574-A4EC-7966961294BD}.Release|Any CPU.ActiveCfg = Release|Any CPU
		{2465AC2F-E424-4574-A4EC-7966961294BD}.Release|Any CPU.Build.0 = Release|Any CPU
		{FA9C02A1-C39B-4B51-97C1-7D31702F529D}.Debug|Any CPU.ActiveCfg = Debug|Any CPU
		{FA9C02A1-C39B-4B51-97C1-7D31702F529D}.Debug|Any CPU.Build.0 = Debug|Any CPU
		{FA9C02A1-C39B-4B51-97C1-7D31702F529D}.Release|Any CPU.ActiveCfg = Release|Any CPU
		{FA9C02A1-C39B-4B51-97C1-7D31702F529D}.Release|Any CPU.Build.0 = Release|Any CPU
	EndGlobalSection
	GlobalSection(SolutionProperties) = preSolution
		HideSolutionNode = FALSE
	EndGlobalSection
EndGlobal
